
Microsoft Visual Studio Solution File, Format Version 12.00
# Visual Studio Version 17
VisualStudioVersion = 17.1.32407.343
MinimumVisualStudioVersion = 10.0.40219.1
Project("{FAE04EC0-301F-11D3-BF4B-00C04F79EFBC}") = "FinancialPlanner", "FinancialPlanner.csproj", "{C49FAD75-A563-4146-B351-0B86CCE5BAF9}"
EndProject
Global
	GlobalSection(SolutionConfigurationPlatforms) = preSolution
		Debug|Any CPU = Debug|Any CPU
		Release|Any CPU = Release|Any CPU
	EndGlobalSection
	GlobalSection(ProjectConfigurationPlatforms) = postSolution
		{C49FAD75-A563-4146-B351-0B86CCE5BAF9}.Debug|Any CPU.ActiveCfg = Debug|Any CPU
		{C49FAD75-A563-4146-B351-0B86CCE5BAF9}.Debug|Any CPU.Build.0 = Debug|Any CPU
		{C49FAD75-A563-4146-B351-0B86CCE5BAF9}.Release|Any CPU.ActiveCfg = Release|Any CPU
		{C49FAD75-A563-4146-B351-0B86CCE5BAF9}.Release|Any CPU.Build.0 = Release|Any CPU
	EndGlobalSection
	GlobalSection(SolutionProperties) = preSolution
		HideSolutionNode = FALSE
	EndGlobalSection
	GlobalSection(ExtensibilityGlobals) = postSolution
		SolutionGuid = {84234C52-11C9-4912-B442-77796170A304}
	EndGlobalSection
EndGlobal
